# THIS IS AN AUTOGENERATED FILE. DO NOT EDIT THIS FILE DIRECTLY.
# yarn lockfile v1


react-fast-compare@^3.2.2:
  version "3.2.2"
  resolved "https://registry.yarnpkg.com/react-fast-compare/-/react-fast-compare-3.2.2.tgz#929a97a532304ce9fee4bcae44234f1ce2c21d49"
  integrity sha512-nsO+KSNgo1SbJqJEYRE9ERzo7YtYbou/OqjSQKxV7jcKox7+usiUVZOAC+XnDOABXggQTno0Y1CpVnuWEc1boQ==

react-snowfall@^2.2.0:
  version "2.2.0"
  resolved "https://registry.yarnpkg.com/react-snowfall/-/react-snowfall-2.2.0.tgz#0856a72c4d29d27a6a14301c0f5deb51296fb4df"
  integrity sha512-dRk7vEHq/ZUOG+JHk2k/hH3HmliOWGXr4rKRDeW4mjWuHeI1r5h0Lc1r2jnTtUS1im702d6tCmNGymlNTdhXYg==
  dependencies:
    react-fast-compare "^3.2.2"
