# THIS IS AN AUTOGENERATED FILE. DO NOT EDIT THIS FILE DIRECTLY.
# yarn lockfile v1


"@emotion/is-prop-valid@1.2.2":
  version "1.2.2"
  resolved "https://registry.yarnpkg.com/@emotion/is-prop-valid/-/is-prop-valid-1.2.2.tgz#d4175076679c6a26faa92b03bb786f9e52612337"
  integrity sha512-uNsoYd37AFmaCdXlg6EYD1KaPOaRWRByMCYzbKUX4+hhMfrxdVSelShywL4JVaAeM/eHUOSprYBQls+/neX3pw==
  dependencies:
    "@emotion/memoize" "^0.8.1"

"@emotion/memoize@^0.8.1":
  version "0.8.1"
  resolved "https://registry.yarnpkg.com/@emotion/memoize/-/memoize-0.8.1.tgz#c1ddb040429c6d21d38cc945fe75c818cfb68e17"
  integrity sha512-W2P2c/VRW1/1tLox0mVUalvnWXxavmv/Oum2aPsRcoDJuob75FC3Y8FbpfLwUegRcxINtGUMPq0tFCvYNTBXNA==

"@emotion/unitless@0.8.1":
  version "0.8.1"
  resolved "https://registry.yarnpkg.com/@emotion/unitless/-/unitless-0.8.1.tgz#182b5a4704ef8ad91bde93f7a860a88fd92c79a3"
  integrity sha512-KOEGMu6dmJZtpadb476IsZBclKvILjopjUii3V+7MnXIQCYh8W3NgNcgwo21n9LXZX6EDIKvqfjYxXebDwxKmQ==

"@react-spring/animated@~9.7.5":
  version "9.7.5"
  resolved "https://registry.yarnpkg.com/@react-spring/animated/-/animated-9.7.5.tgz#eb0373aaf99b879736b380c2829312dae3b05f28"
  integrity sha512-Tqrwz7pIlsSDITzxoLS3n/v/YCUHQdOIKtOJf4yL6kYVSDTSmVK1LI1Q3M/uu2Sx4X3pIWF3xLUhlsA6SPNTNg==
  dependencies:
    "@react-spring/shared" "~9.7.5"
    "@react-spring/types" "~9.7.5"

"@react-spring/core@~9.7.5":
  version "9.7.5"
  resolved "https://registry.yarnpkg.com/@react-spring/core/-/core-9.7.5.tgz#72159079f52c1c12813d78b52d4f17c0bf6411f7"
  integrity sha512-rmEqcxRcu7dWh7MnCcMXLvrf6/SDlSokLaLTxiPlAYi11nN3B5oiCUAblO72o+9z/87j2uzxa2Inm8UbLjXA+w==
  dependencies:
    "@react-spring/animated" "~9.7.5"
    "@react-spring/shared" "~9.7.5"
    "@react-spring/types" "~9.7.5"

"@react-spring/konva@~9.7.5":
  version "9.7.5"
  resolved "https://registry.yarnpkg.com/@react-spring/konva/-/konva-9.7.5.tgz#ab6b0d9fcb0941db0f11e2437a002628912d2698"
  integrity sha512-BelrmyY6w0FGoNSEfSJltjQDUoW0Prxf+FzGjyLuLs+V9M9OM/aHnYqOlvQEfQsZx6C/ZiDOn5BZl8iH8SDf+Q==
  dependencies:
    "@react-spring/animated" "~9.7.5"
    "@react-spring/core" "~9.7.5"
    "@react-spring/shared" "~9.7.5"
    "@react-spring/types" "~9.7.5"

"@react-spring/native@~9.7.5":
  version "9.7.5"
  resolved "https://registry.yarnpkg.com/@react-spring/native/-/native-9.7.5.tgz#fe48f017ae63472b89ff5f02b2bc075ff8840978"
  integrity sha512-C1S500BNP1I05MftElyLv2nIqaWQ0MAByOAK/p4vuXcUK3XcjFaAJ385gVLgV2rgKfvkqRoz97PSwbh+ZCETEg==
  dependencies:
    "@react-spring/animated" "~9.7.5"
    "@react-spring/core" "~9.7.5"
    "@react-spring/shared" "~9.7.5"
    "@react-spring/types" "~9.7.5"

"@react-spring/rafz@~9.7.5":
  version "9.7.5"
  resolved "https://registry.yarnpkg.com/@react-spring/rafz/-/rafz-9.7.5.tgz#ee7959676e7b5d6a3813e8c17d5e50df98b95df9"
  integrity sha512-5ZenDQMC48wjUzPAm1EtwQ5Ot3bLIAwwqP2w2owG5KoNdNHpEJV263nGhCeKKmuA3vG2zLLOdu3or6kuDjA6Aw==

"@react-spring/shared@~9.7.5":
  version "9.7.5"
  resolved "https://registry.yarnpkg.com/@react-spring/shared/-/shared-9.7.5.tgz#6d513622df6ad750bbbd4dedb4ca0a653ec92073"
  integrity sha512-wdtoJrhUeeyD/PP/zo+np2s1Z820Ohr/BbuVYv+3dVLW7WctoiN7std8rISoYoHpUXtbkpesSKuPIw/6U1w1Pw==
  dependencies:
    "@react-spring/rafz" "~9.7.5"
    "@react-spring/types" "~9.7.5"

"@react-spring/three@~9.7.5":
  version "9.7.5"
  resolved "https://registry.yarnpkg.com/@react-spring/three/-/three-9.7.5.tgz#46bcd22354afa873a809f1c6d7e07b59600b4d08"
  integrity sha512-RxIsCoQfUqOS3POmhVHa1wdWS0wyHAUway73uRLp3GAL5U2iYVNdnzQsep6M2NZ994BlW8TcKuMtQHUqOsy6WA==
  dependencies:
    "@react-spring/animated" "~9.7.5"
    "@react-spring/core" "~9.7.5"
    "@react-spring/shared" "~9.7.5"
    "@react-spring/types" "~9.7.5"

"@react-spring/types@~9.7.5":
  version "9.7.5"
  resolved "https://registry.yarnpkg.com/@react-spring/types/-/types-9.7.5.tgz#e5dd180f3ed985b44fd2cd2f32aa9203752ef3e8"
  integrity sha512-HVj7LrZ4ReHWBimBvu2SKND3cDVUPWKLqRTmWe/fNY6o1owGOX0cAHbdPDTMelgBlVbrTKrre6lFkhqGZErK/g==

"@react-spring/web@~9.7.5":
  version "9.7.5"
  resolved "https://registry.yarnpkg.com/@react-spring/web/-/web-9.7.5.tgz#7d7782560b3a6fb9066b52824690da738605de80"
  integrity sha512-lmvqGwpe+CSttsWNZVr+Dg62adtKhauGwLyGE/RRyZ8AAMLgb9x3NDMA5RMElXo+IMyTkPp7nxTB8ZQlmhb6JQ==
  dependencies:
    "@react-spring/animated" "~9.7.5"
    "@react-spring/core" "~9.7.5"
    "@react-spring/shared" "~9.7.5"
    "@react-spring/types" "~9.7.5"

"@react-spring/zdog@~9.7.5":
  version "9.7.5"
  resolved "https://registry.yarnpkg.com/@react-spring/zdog/-/zdog-9.7.5.tgz#ba11049ecce30d03f92189eefd67ba9a4118149d"
  integrity sha512-VV7vmb52wGHgDA1ry6hv+QgxTs78fqjKEQnj+M8hiBg+dwOsTtqqM24ADtc4cMAhPW+eZhVps8ZNKtjt8ouHFA==
  dependencies:
    "@react-spring/animated" "~9.7.5"
    "@react-spring/core" "~9.7.5"
    "@react-spring/shared" "~9.7.5"
    "@react-spring/types" "~9.7.5"

"@types/stylis@4.2.5":
  version "4.2.5"
  resolved "https://registry.yarnpkg.com/@types/stylis/-/stylis-4.2.5.tgz#1daa6456f40959d06157698a653a9ab0a70281df"
  integrity sha512-1Xve+NMN7FWjY14vLoY5tL3BVEQ/n42YLwaqJIPYhotZ9uBHt87VceMwWQpzmdEt2TNXIorIFG+YeCUUW7RInw==

camelize@^1.0.0:
  version "1.0.1"
  resolved "https://registry.yarnpkg.com/camelize/-/camelize-1.0.1.tgz#89b7e16884056331a35d6b5ad064332c91daa6c3"
  integrity sha512-dU+Tx2fsypxTgtLoE36npi3UqcjSSMNYfkqgmoEhtZrraP5VWq0K7FkWVTYa8eMPtnU/G2txVsfdCJTn9uzpuQ==

css-color-keywords@^1.0.0:
  version "1.0.0"
  resolved "https://registry.yarnpkg.com/css-color-keywords/-/css-color-keywords-1.0.0.tgz#fea2616dc676b2962686b3af8dbdbe180b244e05"
  integrity sha512-FyyrDHZKEjXDpNJYvVsV960FiqQyXc/LlYmsxl2BcdMb2WPx0OGRVgTg55rPSyLSNMqP52R9r8geSp7apN3Ofg==

css-to-react-native@3.2.0:
  version "3.2.0"
  resolved "https://registry.yarnpkg.com/css-to-react-native/-/css-to-react-native-3.2.0.tgz#cdd8099f71024e149e4f6fe17a7d46ecd55f1e32"
  integrity sha512-e8RKaLXMOFii+02mOlqwjbD00KSEKqblnpO9e++1aXS1fPQOpS1YoqdVHBqPjHNoxeF2mimzVqawm2KCbEdtHQ==
  dependencies:
    camelize "^1.0.0"
    css-color-keywords "^1.0.0"
    postcss-value-parser "^4.0.2"

csstype@3.1.3:
  version "3.1.3"
  resolved "https://registry.yarnpkg.com/csstype/-/csstype-3.1.3.tgz#d80ff294d114fb0e6ac500fbf85b60137d7eff81"
  integrity sha512-M1uQkMl8rQK/szD0LNhtqxIPLpimGm8sOBwU7lLnCpSbTyY3yeU1Vc7l4KT5zT4s/yOxHH5O7tIuuLOCnLADRw==

framer-motion@^11.15.0:
  version "11.15.0"
  resolved "https://registry.yarnpkg.com/framer-motion/-/framer-motion-11.15.0.tgz#93e5d1839d500ba9cab1d617959a36142a61212b"
  integrity sha512-MLk8IvZntxOMg7lDBLw2qgTHHv664bYoYmnFTmE0Gm/FW67aOJk0WM3ctMcG+Xhcv+vh5uyyXwxvxhSeJzSe+w==
  dependencies:
    motion-dom "^11.14.3"
    motion-utils "^11.14.3"
    tslib "^2.4.0"

motion-dom@^11.14.3:
  version "11.14.3"
  resolved "https://registry.yarnpkg.com/motion-dom/-/motion-dom-11.14.3.tgz#725c72c0f1d0b632e42fdd8d13b69ecf9fe202c0"
  integrity sha512-lW+D2wBy5vxLJi6aCP0xyxTxlTfiu+b+zcpVbGVFUxotwThqhdpPRSmX8xztAgtZMPMeU0WGVn/k1w4I+TbPqA==

motion-utils@^11.14.3:
  version "11.14.3"
  resolved "https://registry.yarnpkg.com/motion-utils/-/motion-utils-11.14.3.tgz#cd4a413463739498411f82abb67b3dd58768b0f8"
  integrity sha512-Xg+8xnqIJTpr0L/cidfTTBFkvRw26ZtGGuIhA94J9PQ2p4mEa06Xx7QVYZH0BP+EpMSaDlu+q0I0mmvwADPsaQ==

nanoid@^3.3.7:
  version "3.3.8"
  resolved "https://registry.yarnpkg.com/nanoid/-/nanoid-3.3.8.tgz#b1be3030bee36aaff18bacb375e5cce521684baf"
  integrity sha512-WNLf5Sd8oZxOm+TzppcYk8gVOgP+l58xNy58D0nbUnOxOWRWvlcCV4kUF7ltmI6PsrLl/BgKEyS4mqsGChFN0w==

picocolors@^1.0.0:
  version "1.1.1"
  resolved "https://registry.yarnpkg.com/picocolors/-/picocolors-1.1.1.tgz#3d321af3eab939b083c8f929a1d12cda81c26b6b"
  integrity sha512-xceH2snhtb5M9liqDsmEw56le376mTZkEX/jEb/RxNFyegNul7eNslCXP9FDj/Lcu0X8KEyMceP2ntpaHrDEVA==

postcss-value-parser@^4.0.2:
  version "4.2.0"
  resolved "https://registry.yarnpkg.com/postcss-value-parser/-/postcss-value-parser-4.2.0.tgz#723c09920836ba6d3e5af019f92bc0971c02e514"
  integrity sha512-1NNCs6uurfkVbeXG4S8JFT9t19m45ICnif8zWLd5oPSZ50QnwMfK+H3jv408d4jw/7Bttv5axS5IiHoLaVNHeQ==

postcss@8.4.38:
  version "8.4.38"
  resolved "https://registry.yarnpkg.com/postcss/-/postcss-8.4.38.tgz#b387d533baf2054288e337066d81c6bee9db9e0e"
  integrity sha512-Wglpdk03BSfXkHoQa3b/oulrotAkwrlLDRSOb9D0bN86FdRyE9lppSp33aHNPgBa0JKCoB+drFLZkQoRRYae5A==
  dependencies:
    nanoid "^3.3.7"
    picocolors "^1.0.0"
    source-map-js "^1.2.0"

react-fast-compare@^3.2.2:
  version "3.2.2"
  resolved "https://registry.yarnpkg.com/react-fast-compare/-/react-fast-compare-3.2.2.tgz#929a97a532304ce9fee4bcae44234f1ce2c21d49"
  integrity sha512-nsO+KSNgo1SbJqJEYRE9ERzo7YtYbou/OqjSQKxV7jcKox7+usiUVZOAC+XnDOABXggQTno0Y1CpVnuWEc1boQ==

react-snowfall@^2.2.0:
  version "2.2.0"
  resolved "https://registry.yarnpkg.com/react-snowfall/-/react-snowfall-2.2.0.tgz#0856a72c4d29d27a6a14301c0f5deb51296fb4df"
  integrity sha512-dRk7vEHq/ZUOG+JHk2k/hH3HmliOWGXr4rKRDeW4mjWuHeI1r5h0Lc1r2jnTtUS1im702d6tCmNGymlNTdhXYg==
  dependencies:
    react-fast-compare "^3.2.2"

react-spring@^9.7.5:
  version "9.7.5"
  resolved "https://registry.yarnpkg.com/react-spring/-/react-spring-9.7.5.tgz#ae335f3478026ff9480d4f85267eca6781c47bde"
  integrity sha512-oG6DkDZIASHzPiGYw5KwrCvoFZqsaO3t2R7KE37U6S/+8qWSph/UjRQalPpZxlbgheqV9LT62H6H9IyoopHdug==
  dependencies:
    "@react-spring/core" "~9.7.5"
    "@react-spring/konva" "~9.7.5"
    "@react-spring/native" "~9.7.5"
    "@react-spring/three" "~9.7.5"
    "@react-spring/web" "~9.7.5"
    "@react-spring/zdog" "~9.7.5"

shallowequal@1.1.0:
  version "1.1.0"
  resolved "https://registry.yarnpkg.com/shallowequal/-/shallowequal-1.1.0.tgz#188d521de95b9087404fd4dcb68b13df0ae4e7f8"
  integrity sha512-y0m1JoUZSlPAjXVtPPW70aZWfIL/dSP7AFkRnniLCrK/8MDKog3TySTBmckD+RObVxH0v4Tox67+F14PdED2oQ==

source-map-js@^1.2.0:
  version "1.2.1"
  resolved "https://registry.yarnpkg.com/source-map-js/-/source-map-js-1.2.1.tgz#1ce5650fddd87abc099eda37dcff024c2667ae46"
  integrity sha512-UXWMKhLOwVKb728IUtQPXxfYU+usdybtUrK/8uGE8CQMvrhOpwvzDBwj0QhSL7MQc7vIsISBG8VQ8+IDQxpfQA==

styled-components@^6.1.13:
  version "6.1.13"
  resolved "https://registry.yarnpkg.com/styled-components/-/styled-components-6.1.13.tgz#2d777750b773b31469bd79df754a32479e9f475e"
  integrity sha512-M0+N2xSnAtwcVAQeFEsGWFFxXDftHUD7XrKla06QbpUMmbmtFBMMTcKWvFXtWxuD5qQkB8iU5gk6QASlx2ZRMw==
  dependencies:
    "@emotion/is-prop-valid" "1.2.2"
    "@emotion/unitless" "0.8.1"
    "@types/stylis" "4.2.5"
    css-to-react-native "3.2.0"
    csstype "3.1.3"
    postcss "8.4.38"
    shallowequal "1.1.0"
    stylis "4.3.2"
    tslib "2.6.2"

stylis@4.3.2:
  version "4.3.2"
  resolved "https://registry.yarnpkg.com/stylis/-/stylis-4.3.2.tgz#8f76b70777dd53eb669c6f58c997bf0a9972e444"
  integrity sha512-bhtUjWd/z6ltJiQwg0dUfxEJ+W+jdqQd8TbWLWyeIJHlnsqmGLRFFd8e5mA0AZi/zx90smXRlN66YMTcaSFifg==

tslib@2.6.2:
  version "2.6.2"
  resolved "https://registry.yarnpkg.com/tslib/-/tslib-2.6.2.tgz#703ac29425e7b37cd6fd456e92404d46d1f3e4ae"
  integrity sha512-AEYxH93jGFPn/a2iVAwW87VuUIkR1FVUKB77NwMF7nBTDkDrrT/Hpt/IrCJ0QXhW27jTBDcf5ZY7w6RiqTMw2Q==

tslib@^2.4.0:
  version "2.8.1"
  resolved "https://registry.yarnpkg.com/tslib/-/tslib-2.8.1.tgz#612efe4ed235d567e8aba5f2a5fab70280ade83f"
  integrity sha512-oJFu94HQb+KVduSUQL7wnpmqnfmLsOA/nAh6b6EH0wCEoK0/mPeXU6c3wKDV83MkOuHPRHtSXKKU99IBazS/2w==
